{
  "version": 4,
  "terraform_version": "1.13.0",
  "serial": 47,
  "lineage": "639c76b8-6f5e-e7c7-c47e-ffb421138d75",
  "outputs": {
    "api_invoke_url": {
      "value": "https://olndh6z7eh.execute-api.us-east-1.amazonaws.com/prod",
      "type": "string"
    },
    "lambda_function_name": {
      "value": "shortener-lambda",
      "type": "string"
    }
  },
  "resources": [
    {
      "mode": "managed",
      "type": "aws_api_gateway_deployment",
      "name": "deployment",
      "provider": "provider[\"registry.terraform.io/hashicorp/aws\"]",
      "instances": [
        {
          "schema_version": 0,
          "attributes": {
            "canary_settings": [],
            "created_date": "2025-11-29T00:47:17Z",
            "description": "",
            "execution_arn": "arn:aws:execute-api:us-east-1:491934530756:olndh6z7eh/",
            "id": "poovco",
            "invoke_url": "https://olndh6z7eh.execute-api.us-east-1.amazonaws.com/",
            "rest_api_id": "olndh6z7eh",
            "stage_description": null,
            "stage_name": null,
            "triggers": {
              "redeploy": "2025-11-29T00:47:25Z"
            },
            "variables": null
          },
          "sensitive_attributes": [],
          "identity_schema_version": 0,
          "private": "bnVsbA==",
          "dependencies": [
            "aws_api_gateway_integration.lambda_integration",
            "aws_api_gateway_integration.shorten_options_integration",
            "aws_api_gateway_integration_response.shorten_options_integration_response",
            "aws_api_gateway_method.shorten_options",
            "aws_api_gateway_method.shorten_post_method",
            "aws_api_gateway_resource.shorten_resource",
            "aws_api_gateway_rest_api.api",
            "aws_iam_role.lambda_role",
            "aws_lambda_function.shortener_lambda"
          ],
          "create_before_destroy": true
        }
      ]
    },
    {
      "mode": "managed",
      "type": "aws_api_gateway_integration",
      "name": "lambda_integration",
      "provider": "provider[\"registry.terraform.io/hashicorp/aws\"]",
      "instances": [
        {
          "schema_version": 0,
          "attributes": {
            "cache_key_parameters": [],
            "cache_namespace": "otx2la",
            "connection_id": "",
            "connection_type": "INTERNET",
            "content_handling": "",
            "credentials": "",
            "http_method": "POST",
            "id": "agi-olndh6z7eh-otx2la-POST",
            "integration_http_method": "POST",
            "passthrough_behavior": "WHEN_NO_MATCH",
            "request_parameters": {},
            "request_templates": {},
            "resource_id": "otx2la",
            "rest_api_id": "olndh6z7eh",
            "timeout_milliseconds": 29000,
            "tls_config": [],
            "type": "AWS_PROXY",
            "uri": "arn:aws:apigateway:us-east-1:lambda:path/2015-03-31/functions/arn:aws:lambda:us-east-1:491934530756:function:shortener-lambda/invocations"
          },
          "sensitive_attributes": [],
          "identity_schema_version": 0,
          "private": "bnVsbA==",
          "dependencies": [
            "aws_api_gateway_method.shorten_post_method",
            "aws_api_gateway_resource.shorten_resource",
            "aws_api_gateway_rest_api.api",
            "aws_iam_role.lambda_role",
            "aws_lambda_function.shortener_lambda"
          ],
          "create_before_destroy": true
        }
      ]
    },
    {
      "mode": "managed",
      "type": "aws_api_gateway_integration",
      "name": "redirect_integration",
      "provider": "provider[\"registry.terraform.io/hashicorp/aws\"]",
      "instances": [
        {
          "schema_version": 0,
          "attributes": {
            "cache_key_parameters": [],
            "cache_namespace": "2vurj2",
            "connection_id": "",
            "connection_type": "INTERNET",
            "content_handling": "",
            "credentials": "",
            "http_method": "GET",
            "id": "agi-olndh6z7eh-2vurj2-GET",
            "integration_http_method": "POST",
            "passthrough_behavior": "WHEN_NO_MATCH",
            "request_parameters": {},
            "request_templates": {},
            "resource_id": "2vurj2",
            "rest_api_id": "olndh6z7eh",
            "timeout_milliseconds": 29000,
            "tls_config": [],
            "type": "AWS_PROXY",
            "uri": "arn:aws:apigateway:us-east-1:lambda:path/2015-03-31/functions/arn:aws:lambda:us-east-1:491934530756:function:shortener-lambda/invocations"
          },
          "sensitive_attributes": [],
          "identity_schema_version": 0,
          "private": "bnVsbA==",
          "dependencies": [
            "aws_api_gateway_method.redirect_get_method",
            "aws_api_gateway_resource.redirect_resource",
            "aws_api_gateway_rest_api.api",
            "aws_iam_role.lambda_role",
            "aws_lambda_function.shortener_lambda"
          ]
        }
      ]
    },
    {
      "mode": "managed",
      "type": "aws_api_gateway_integration",
      "name": "redirect_options_integration",
      "provider": "provider[\"registry.terraform.io/hashicorp/aws\"]",
      "instances": [
        {
          "schema_version": 0,
          "attributes": {
            "cache_key_parameters": [],
            "cache_namespace": "2vurj2",
            "connection_id": "",
            "connection_type": "INTERNET",
            "content_handling": "",
            "credentials": "",
            "http_method": "OPTIONS",
            "id": "agi-olndh6z7eh-2vurj2-OPTIONS",
            "integration_http_method": "",
            "passthrough_behavior": "WHEN_NO_MATCH",
            "request_parameters": {},
            "request_templates": {
              "application/json": "{ \"statusCode\": 200 }"
            },
            "resource_id": "2vurj2",
            "rest_api_id": "olndh6z7eh",
            "timeout_milliseconds": 29000,
            "tls_config": [],
            "type": "MOCK",
            "uri": ""
          },
          "sensitive_attributes": [],
          "identity_schema_version": 0,
          "private": "bnVsbA==",
          "dependencies": [
            "aws_api_gateway_method.redirect_options",
            "aws_api_gateway_resource.redirect_resource",
            "aws_api_gateway_rest_api.api"
          ]
        }
      ]
    },
    {
      "mode": "managed",
      "type": "aws_api_gateway_integration",
      "name": "shorten_options_integration",
      "provider": "provider[\"registry.terraform.io/hashicorp/aws\"]",
      "instances": [
        {
          "schema_version": 0,
          "attributes": {
            "cache_key_parameters": [],
            "cache_namespace": "otx2la",
            "connection_id": "",
            "connection_type": "INTERNET",
            "content_handling": "",
            "credentials": "",
            "http_method": "OPTIONS",
            "id": "agi-olndh6z7eh-otx2la-OPTIONS",
            "integration_http_method": "",
            "passthrough_behavior": "WHEN_NO_MATCH",
            "request_parameters": {},
            "request_templates": {
              "application/json": "{ \"statusCode\": 200 }"
            },
            "resource_id": "otx2la",
            "rest_api_id": "olndh6z7eh",
            "timeout_milliseconds": 29000,
            "tls_config": [],
            "type": "MOCK",
            "uri": ""
          },
          "sensitive_attributes": [],
          "identity_schema_version": 0,
          "private": "bnVsbA==",
          "dependencies": [
            "aws_api_gateway_method.shorten_options",
            "aws_api_gateway_resource.shorten_resource",
            "aws_api_gateway_rest_api.api"
          ],
          "create_before_destroy": true
        }
      ]
    },
    {
      "mode": "managed",
      "type": "aws_api_gateway_integration_response",
      "name": "redirect_options_integration_response",
      "provider": "provider[\"registry.terraform.io/hashicorp/aws\"]",
      "instances": [
        {
          "schema_version": 0,
          "attributes": {
            "content_handling": "",
            "http_method": "OPTIONS",
            "id": "agir-olndh6z7eh-2vurj2-OPTIONS-200",
            "resource_id": "2vurj2",
            "response_parameters": {
              "method.response.header.Access-Control-Allow-Headers": "'*'",
              "method.response.header.Access-Control-Allow-Methods": "'GET,OPTIONS'",
              "method.response.header.Access-Control-Allow-Origin": "'*'"
            },
            "response_templates": {
              "application/json": "{}"
            },
            "rest_api_id": "olndh6z7eh",
            "selection_pattern": "",
            "status_code": "200"
          },
          "sensitive_attributes": [],
          "identity_schema_version": 0,
          "private": "bnVsbA==",
          "dependencies": [
            "aws_api_gateway_integration.redirect_options_integration",
            "aws_api_gateway_method.redirect_options",
            "aws_api_gateway_resource.redirect_resource",
            "aws_api_gateway_rest_api.api"
          ]
        }
      ]
    },
    {
      "mode": "managed",
      "type": "aws_api_gateway_integration_response",
      "name": "shorten_options_integration_response",
      "provider": "provider[\"registry.terraform.io/hashicorp/aws\"]",
      "instances": [
        {
          "schema_version": 0,
          "attributes": {
            "content_handling": "",
            "http_method": "OPTIONS",
            "id": "agir-olndh6z7eh-otx2la-OPTIONS-200",
            "resource_id": "otx2la",
            "response_parameters": {
              "method.response.header.Access-Control-Allow-Headers": "'*'",
              "method.response.header.Access-Control-Allow-Methods": "'GET,POST,OPTIONS'",
              "method.response.header.Access-Control-Allow-Origin": "'*'"
            },
            "response_templates": {
              "application/json": "{}"
            },
            "rest_api_id": "olndh6z7eh",
            "selection_pattern": "",
            "status_code": "200"
          },
          "sensitive_attributes": [],
          "identity_schema_version": 0,
          "private": "bnVsbA==",
          "dependencies": [
            "aws_api_gateway_integration.shorten_options_integration",
            "aws_api_gateway_method.shorten_options",
            "aws_api_gateway_resource.shorten_resource",
            "aws_api_gateway_rest_api.api"
          ],
          "create_before_destroy": true
        }
      ]
    },
    {
      "mode": "managed",
      "type": "aws_api_gateway_method",
      "name": "redirect_get_method",
      "provider": "provider[\"registry.terraform.io/hashicorp/aws\"]",
      "instances": [
        {
          "schema_version": 0,
          "attributes": {
            "api_key_required": false,
            "authorization": "NONE",
            "authorization_scopes": [],
            "authorizer_id": "",
            "http_method": "GET",
            "id": "agm-olndh6z7eh-2vurj2-GET",
            "operation_name": "",
            "request_models": {},
            "request_parameters": {},
            "request_validator_id": "",
            "resource_id": "2vurj2",
            "rest_api_id": "olndh6z7eh"
          },
          "sensitive_attributes": [],
          "identity_schema_version": 0,
          "private": "bnVsbA==",
          "dependencies": [
            "aws_api_gateway_resource.redirect_resource",
            "aws_api_gateway_rest_api.api"
          ]
        }
      ]
    },
    {
      "mode": "managed",
      "type": "aws_api_gateway_method",
      "name": "redirect_options",
      "provider": "provider[\"registry.terraform.io/hashicorp/aws\"]",
      "instances": [
        {
          "schema_version": 0,
          "attributes": {
            "api_key_required": false,
            "authorization": "NONE",
            "authorization_scopes": [],
            "authorizer_id": "",
            "http_method": "OPTIONS",
            "id": "agm-olndh6z7eh-2vurj2-OPTIONS",
            "operation_name": "",
            "request_models": {},
            "request_parameters": {},
            "request_validator_id": "",
            "resource_id": "2vurj2",
            "rest_api_id": "olndh6z7eh"
          },
          "sensitive_attributes": [],
          "identity_schema_version": 0,
          "private": "bnVsbA==",
          "dependencies": [
            "aws_api_gateway_resource.redirect_resource",
            "aws_api_gateway_rest_api.api"
          ]
        }
      ]
    },
    {
      "mode": "managed",
      "type": "aws_api_gateway_method",
      "name": "shorten_options",
      "provider": "provider[\"registry.terraform.io/hashicorp/aws\"]",
      "instances": [
        {
          "schema_version": 0,
          "attributes": {
            "api_key_required": false,
            "authorization": "NONE",
            "authorization_scopes": [],
            "authorizer_id": "",
            "http_method": "OPTIONS",
            "id": "agm-olndh6z7eh-otx2la-OPTIONS",
            "operation_name": "",
            "request_models": {},
            "request_parameters": {},
            "request_validator_id": "",
            "resource_id": "otx2la",
            "rest_api_id": "olndh6z7eh"
          },
          "sensitive_attributes": [],
          "identity_schema_version": 0,
          "private": "bnVsbA==",
          "dependencies": [
            "aws_api_gateway_resource.shorten_resource",
            "aws_api_gateway_rest_api.api"
          ],
          "create_before_destroy": true
        }
      ]
    },
    {
      "mode": "managed",
      "type": "aws_api_gateway_method",
      "name": "shorten_post_method",
      "provider": "provider[\"registry.terraform.io/hashicorp/aws\"]",
      "instances": [
        {
          "schema_version": 0,
          "attributes": {
            "api_key_required": false,
            "authorization": "NONE",
            "authorization_scopes": [],
            "authorizer_id": "",
            "http_method": "POST",
            "id": "agm-olndh6z7eh-otx2la-POST",
            "operation_name": "",
            "request_models": {},
            "request_parameters": {},
            "request_validator_id": "",
            "resource_id": "otx2la",
            "rest_api_id": "olndh6z7eh"
          },
          "sensitive_attributes": [],
          "identity_schema_version": 0,
          "private": "bnVsbA==",
          "dependencies": [
            "aws_api_gateway_resource.shorten_resource",
            "aws_api_gateway_rest_api.api"
          ],
          "create_before_destroy": true
        }
      ]
    },
    {
      "mode": "managed",
      "type": "aws_api_gateway_method_response",
      "name": "redirect_options_response",
      "provider": "provider[\"registry.terraform.io/hashicorp/aws\"]",
      "instances": [
        {
          "schema_version": 0,
          "attributes": {
            "http_method": "OPTIONS",
            "id": "agmr-olndh6z7eh-2vurj2-OPTIONS-200",
            "resource_id": "2vurj2",
            "response_models": {},
            "response_parameters": {
              "method.response.header.Access-Control-Allow-Headers": true,
              "method.response.header.Access-Control-Allow-Methods": true,
              "method.response.header.Access-Control-Allow-Origin": true
            },
            "rest_api_id": "olndh6z7eh",
            "status_code": "200"
          },
          "sensitive_attributes": [],
          "identity_schema_version": 0,
          "private": "bnVsbA==",
          "dependencies": [
            "aws_api_gateway_method.redirect_options",
            "aws_api_gateway_resource.redirect_resource",
            "aws_api_gateway_rest_api.api"
          ]
        }
      ]
    },
    {
      "mode": "managed",
      "type": "aws_api_gateway_method_response",
      "name": "shorten_options_response",
      "provider": "provider[\"registry.terraform.io/hashicorp/aws\"]",
      "instances": [
        {
          "schema_version": 0,
          "attributes": {
            "http_method": "OPTIONS",
            "id": "agmr-olndh6z7eh-otx2la-OPTIONS-200",
            "resource_id": "otx2la",
            "response_models": {},
            "response_parameters": {
              "method.response.header.Access-Control-Allow-Headers": true,
              "method.response.header.Access-Control-Allow-Methods": true,
              "method.response.header.Access-Control-Allow-Origin": true
            },
            "rest_api_id": "olndh6z7eh",
            "status_code": "200"
          },
          "sensitive_attributes": [],
          "identity_schema_version": 0,
          "private": "bnVsbA==",
          "dependencies": [
            "aws_api_gateway_method.shorten_options",
            "aws_api_gateway_resource.shorten_resource",
            "aws_api_gateway_rest_api.api"
          ]
        }
      ]
    },
    {
      "mode": "managed",
      "type": "aws_api_gateway_resource",
      "name": "redirect_resource",
      "provider": "provider[\"registry.terraform.io/hashicorp/aws\"]",
      "instances": [
        {
          "schema_version": 0,
          "attributes": {
            "id": "2vurj2",
            "parent_id": "xehnst8mzc",
            "path": "/{code}",
            "path_part": "{code}",
            "rest_api_id": "olndh6z7eh"
          },
          "sensitive_attributes": [],
          "identity_schema_version": 0,
          "private": "bnVsbA==",
          "dependencies": [
            "aws_api_gateway_rest_api.api"
          ]
        }
      ]
    },
    {
      "mode": "managed",
      "type": "aws_api_gateway_resource",
      "name": "shorten_resource",
      "provider": "provider[\"registry.terraform.io/hashicorp/aws\"]",
      "instances": [
        {
          "schema_version": 0,
          "attributes": {
            "id": "otx2la",
            "parent_id": "xehnst8mzc",
            "path": "/shorten",
            "path_part": "shorten",
            "rest_api_id": "olndh6z7eh"
          },
          "sensitive_attributes": [],
          "identity_schema_version": 0,
          "private": "bnVsbA==",
          "dependencies": [
            "aws_api_gateway_rest_api.api"
          ],
          "create_before_destroy": true
        }
      ]
    },
    {
      "mode": "managed",
      "type": "aws_api_gateway_rest_api",
      "name": "api",
      "provider": "provider[\"registry.terraform.io/hashicorp/aws\"]",
      "instances": [
        {
          "schema_version": 0,
          "attributes": {
            "api_key_source": "HEADER",
            "arn": "arn:aws:apigateway:us-east-1::/restapis/olndh6z7eh",
            "binary_media_types": [],
            "body": null,
            "created_date": "2025-11-28T02:56:05Z",
            "description": "",
            "disable_execute_api_endpoint": false,
            "endpoint_configuration": [
              {
                "ip_address_type": "ipv4",
                "types": [
                  "EDGE"
                ],
                "vpc_endpoint_ids": []
              }
            ],
            "execution_arn": "arn:aws:execute-api:us-east-1:491934530756:olndh6z7eh",
            "fail_on_warnings": null,
            "id": "olndh6z7eh",
            "minimum_compression_size": "",
            "name": "url-shortener-api",
            "parameters": null,
            "policy": "",
            "put_rest_api_mode": null,
            "root_resource_id": "xehnst8mzc",
            "tags": {},
            "tags_all": {}
          },
          "sensitive_attributes": [],
          "identity_schema_version": 0,
          "private": "bnVsbA==",
          "create_before_destroy": true
        }
      ]
    },
    {
      "mode": "managed",
      "type": "aws_api_gateway_stage",
      "name": "prod",
      "provider": "provider[\"registry.terraform.io/hashicorp/aws\"]",
      "instances": [
        {
          "schema_version": 0,
          "attributes": {
            "access_log_settings": [],
            "arn": "arn:aws:apigateway:us-east-1::/restapis/olndh6z7eh/stages/prod",
            "cache_cluster_enabled": false,
            "cache_cluster_size": "",
            "canary_settings": [],
            "client_certificate_id": "",
            "deployment_id": "poovco",
            "description": "",
            "documentation_version": "",
            "execution_arn": "arn:aws:execute-api:us-east-1:491934530756:olndh6z7eh/prod",
            "id": "ags-olndh6z7eh-prod",
            "invoke_url": "https://olndh6z7eh.execute-api.us-east-1.amazonaws.com/prod",
            "rest_api_id": "olndh6z7eh",
            "stage_name": "prod",
            "tags": {},
            "tags_all": {},
            "variables": {},
            "web_acl_arn": "",
            "xray_tracing_enabled": false
          },
          "sensitive_attributes": [],
          "identity_schema_version": 0,
          "private": "bnVsbA==",
          "dependencies": [
            "aws_api_gateway_deployment.deployment",
            "aws_api_gateway_integration.lambda_integration",
            "aws_api_gateway_integration.shorten_options_integration",
            "aws_api_gateway_integration_response.shorten_options_integration_response",
            "aws_api_gateway_method.shorten_options",
            "aws_api_gateway_method.shorten_post_method",
            "aws_api_gateway_resource.shorten_resource",
            "aws_api_gateway_rest_api.api",
            "aws_iam_role.lambda_role",
            "aws_lambda_function.shortener_lambda"
          ]
        }
      ]
    },
    {
      "mode": "managed",
      "type": "aws_dynamodb_table",
      "name": "urls_table",
      "provider": "provider[\"registry.terraform.io/hashicorp/aws\"]",
      "instances": [
        {
          "schema_version": 1,
          "attributes": {
            "arn": "arn:aws:dynamodb:us-east-1:491934530756:table/shortener_table",
            "attribute": [
              {
                "name": "code",
                "type": "S"
              }
            ],
            "billing_mode": "PAY_PER_REQUEST",
            "deletion_protection_enabled": false,
            "global_secondary_index": [],
            "hash_key": "code",
            "id": "shortener_table",
            "import_table": [],
            "local_secondary_index": [],
            "name": "shortener_table",
            "on_demand_throughput": [],
            "point_in_time_recovery": [
              {
                "enabled": false,
                "recovery_period_in_days": 0
              }
            ],
            "range_key": null,
            "read_capacity": 0,
            "replica": [],
            "restore_date_time": null,
            "restore_source_name": null,
            "restore_source_table_arn": null,
            "restore_to_latest_time": null,
            "server_side_encryption": [],
            "stream_arn": "",
            "stream_enabled": false,
            "stream_label": "",
            "stream_view_type": "",
            "table_class": "STANDARD",
            "tags": {
              "Environment": "prod",
              "Name": "shortener_table",
              "Project": "url-shortener"
            },
            "tags_all": {
              "Environment": "prod",
              "Name": "shortener_table",
              "Project": "url-shortener"
            },
            "timeouts": null,
            "ttl": [
              {
                "attribute_name": "",
                "enabled": false
              }
            ],
            "write_capacity": 0
          },
          "sensitive_attributes": [],
          "identity_schema_version": 0,
          "private": "eyJlMmJmYjczMC1lY2FhLTExZTYtOGY4OC0zNDM2M2JjN2M0YzAiOnsiY3JlYXRlIjoxODAwMDAwMDAwMDAwLCJkZWxldGUiOjYwMDAwMDAwMDAwMCwidXBkYXRlIjozNjAwMDAwMDAwMDAwfSwic2NoZW1hX3ZlcnNpb24iOiIxIn0="
        }
      ]
    },
    {
      "mode": "managed",
      "type": "aws_iam_role",
      "name": "lambda_role",
      "provider": "provider[\"registry.terraform.io/hashicorp/aws\"]",
      "instances": [
        {
          "schema_version": 0,
          "attributes": {
            "arn": "arn:aws:iam::491934530756:role/shortener-lambda-role",
            "assume_role_policy": "{\"Statement\":[{\"Action\":\"sts:AssumeRole\",\"Effect\":\"Allow\",\"Principal\":{\"Service\":\"lambda.amazonaws.com\"}}],\"Version\":\"2012-10-17\"}",
            "create_date": "2025-11-28T02:56:05Z",
            "description": "",
            "force_detach_policies": false,
            "id": "shortener-lambda-role",
            "inline_policy": [
              {
                "name": "shortener-lambda-dynamo-policy",
                "policy": "{\"Version\":\"2012-10-17\",\"Statement\":[{\"Action\":[\"dynamodb:GetItem\",\"dynamodb:PutItem\",\"dynamodb:UpdateItem\",\"dynamodb:Query\"],\"Effect\":\"Allow\",\"Resource\":\"arn:aws:dynamodb:us-east-1:491934530756:table/shortener_table\"},{\"Action\":[\"logs:CreateLogGroup\",\"logs:CreateLogStream\",\"logs:PutLogEvents\"],\"Effect\":\"Allow\",\"Resource\":\"*\"}]}"
              }
            ],
            "managed_policy_arns": [],
            "max_session_duration": 3600,
            "name": "shortener-lambda-role",
            "name_prefix": "",
            "path": "/",
            "permissions_boundary": "",
            "tags": {},
            "tags_all": {},
            "unique_id": "AROAXFCMVHTCNIAYYEVKI"
          },
          "sensitive_attributes": [],
          "identity_schema_version": 0,
          "private": "bnVsbA==",
          "create_before_destroy": true
        }
      ]
    },
    {
      "mode": "managed",
      "type": "aws_iam_role_policy",
      "name": "lambda_dynamo_policy",
      "provider": "provider[\"registry.terraform.io/hashicorp/aws\"]",
      "instances": [
        {
          "schema_version": 0,
          "attributes": {
            "id": "shortener-lambda-role:shortener-lambda-dynamo-policy",
            "name": "shortener-lambda-dynamo-policy",
            "name_prefix": "",
            "policy": "{\"Version\":\"2012-10-17\",\"Statement\":[{\"Action\":[\"dynamodb:GetItem\",\"dynamodb:PutItem\",\"dynamodb:UpdateItem\",\"dynamodb:Query\"],\"Effect\":\"Allow\",\"Resource\":\"arn:aws:dynamodb:us-east-1:491934530756:table/shortener_table\"},{\"Action\":[\"logs:CreateLogGroup\",\"logs:CreateLogStream\",\"logs:PutLogEvents\"],\"Effect\":\"Allow\",\"Resource\":\"*\"}]}",
            "role": "shortener-lambda-role"
          },
          "sensitive_attributes": [],
          "identity_schema_version": 0,
          "private": "bnVsbA==",
          "dependencies": [
            "aws_dynamodb_table.urls_table",
            "aws_iam_role.lambda_role"
          ]
        }
      ]
    },
    {
      "mode": "managed",
      "type": "aws_lambda_function",
      "name": "shortener_lambda",
      "provider": "provider[\"registry.terraform.io/hashicorp/aws\"]",
      "instances": [
        {
          "schema_version": 0,
          "attributes": {
            "architectures": [
              "x86_64"
            ],
            "arn": "arn:aws:lambda:us-east-1:491934530756:function:shortener-lambda",
            "code_sha256": "YgLSUjf4Im0jWjHNCcOWr+qIj/5IJ9PRWUUp0qyZE/s=",
            "code_signing_config_arn": "",
            "dead_letter_config": [],
            "description": "",
            "environment": [
              {
                "variables": {
                  "DYNAMODB_TABLE": "shortener_table",
                  "SHORT_BASE_URL": "https://shorter.com"
                }
              }
            ],
            "ephemeral_storage": [
              {
                "size": 512
              }
            ],
            "file_system_config": [],
            "filename": "../lambda.zip",
            "function_name": "shortener-lambda",
            "handler": "index.handler",
            "id": "shortener-lambda",
            "image_config": [],
            "image_uri": "",
            "invoke_arn": "arn:aws:apigateway:us-east-1:lambda:path/2015-03-31/functions/arn:aws:lambda:us-east-1:491934530756:function:shortener-lambda/invocations",
            "kms_key_arn": "",
            "last_modified": "2025-11-29T00:27:11.000+0000",
            "layers": [],
            "logging_config": [
              {
                "application_log_level": "",
                "log_format": "Text",
                "log_group": "/aws/lambda/shortener-lambda",
                "system_log_level": ""
              }
            ],
            "memory_size": 128,
            "package_type": "Zip",
            "publish": false,
            "qualified_arn": "arn:aws:lambda:us-east-1:491934530756:function:shortener-lambda:$LATEST",
            "qualified_invoke_arn": "arn:aws:apigateway:us-east-1:lambda:path/2015-03-31/functions/arn:aws:lambda:us-east-1:491934530756:function:shortener-lambda:$LATEST/invocations",
            "replace_security_groups_on_destroy": null,
            "replacement_security_group_ids": null,
            "reserved_concurrent_executions": -1,
            "role": "arn:aws:iam::491934530756:role/shortener-lambda-role",
            "runtime": "nodejs18.x",
            "s3_bucket": null,
            "s3_key": null,
            "s3_object_version": null,
            "signing_job_arn": "",
            "signing_profile_version_arn": "",
            "skip_destroy": false,
            "snap_start": [],
            "source_code_hash": "YgLSUjf4Im0jWjHNCcOWr+qIj/5IJ9PRWUUp0qyZE/s=",
            "source_code_size": 1542,
            "tags": {},
            "tags_all": {},
            "timeout": 3,
            "timeouts": null,
            "tracing_config": [
              {
                "mode": "PassThrough"
              }
            ],
            "version": "$LATEST",
            "vpc_config": []
          },
          "sensitive_attributes": [],
          "identity_schema_version": 0,
          "private": "eyJlMmJmYjczMC1lY2FhLTExZTYtOGY4OC0zNDM2M2JjN2M0YzAiOnsiY3JlYXRlIjo2MDAwMDAwMDAwMDAsImRlbGV0ZSI6NjAwMDAwMDAwMDAwLCJ1cGRhdGUiOjYwMDAwMDAwMDAwMH19",
          "dependencies": [
            "aws_iam_role.lambda_role"
          ],
          "create_before_destroy": true
        }
      ]
    },
    {
      "mode": "managed",
      "type": "aws_lambda_permission",
      "name": "allow_api_invoke",
      "provider": "provider[\"registry.terraform.io/hashicorp/aws\"]",
      "instances": [
        {
          "schema_version": 0,
          "attributes": {
            "action": "lambda:InvokeFunction",
            "event_source_token": null,
            "function_name": "shortener-lambda",
            "function_url_auth_type": null,
            "id": "AllowAPIGatewayInvoke",
            "principal": "apigateway.amazonaws.com",
            "principal_org_id": null,
            "qualifier": "",
            "source_account": null,
            "source_arn": null,
            "statement_id": "AllowAPIGatewayInvoke",
            "statement_id_prefix": ""
          },
          "sensitive_attributes": [],
          "identity_schema_version": 0,
          "private": "bnVsbA==",
          "dependencies": [
            "aws_iam_role.lambda_role",
            "aws_lambda_function.shortener_lambda"
          ]
        }
      ]
    },
    {
      "mode": "managed",
      "type": "aws_lambda_permission",
      "name": "allow_api_invoke_redirect",
      "provider": "provider[\"registry.terraform.io/hashicorp/aws\"]",
      "instances": [
        {
          "schema_version": 0,
          "attributes": {
            "action": "lambda:InvokeFunction",
            "event_source_token": null,
            "function_name": "shortener-lambda",
            "function_url_auth_type": null,
            "id": "AllowAPIGatewayInvokeGET",
            "principal": "apigateway.amazonaws.com",
            "principal_org_id": null,
            "qualifier": "",
            "source_account": null,
            "source_arn": null,
            "statement_id": "AllowAPIGatewayInvokeGET",
            "statement_id_prefix": ""
          },
          "sensitive_attributes": [],
          "identity_schema_version": 0,
          "private": "bnVsbA==",
          "dependencies": [
            "aws_iam_role.lambda_role",
            "aws_lambda_function.shortener_lambda"
          ]
        }
      ]
    }
  ],
  "check_results": null
}
